{
  "version": 2,
  "dependencies": {
    "net10.0": {
      "coverlet.collector": {
        "type": "Direct",
        "requested": "[8.0.1, )",
        "resolved": "8.0.1",
        "contentHash": "heVQl5tKYnnIDYlR1QMVGueYH6iriZTcZB6AjDczQNwZzxkjDIt9C84Pt4cCiZYrbo7jkZOYGWbs6Lo9wAtVLg=="
      },
      "Microsoft.Extensions.AI": {
        "type": "Direct",
        "requested": "[10.5.0, )",
        "resolved": "10.5.0",
        "contentHash": "UwUYEUqB7v74IYFRzPmjiN0i6JvHFC2P5laO5ZV2LvDRuz84+16XIkMVwT8nKyHJHT2gWOqywiTMC2pa50IrTA==",
        "dependencies": {
          "Microsoft.Extensions.AI.Abstractions": "10.5.0",
          "Microsoft.Extensions.Caching.Abstractions": "10.0.6",
          "Microsoft.Extensions.DependencyInjection.Abstractions": "10.0.6",
          "Microsoft.Extensions.Logging.Abstractions": "10.0.6",
          "System.Numerics.Tensors": "10.0.6"
        }
      },
      "Microsoft.NET.Test.Sdk": {
        "type": "Direct",
        "requested": "[18.4.0, )",
        "resolved": "18.4.0",
        "contentHash": "w49iZdL4HL6V25l41NVQLXWQ+e71GvSkKVteMrOL02gP/PUkcnO/1yEb2s9FntU4wGmJWfKnyrRAhcMHd9ZZNA==",
        "dependencies": {
          "Microsoft.CodeCoverage": "18.4.0",
          "Microsoft.TestPlatform.TestHost": "18.4.0"
        }
      },
      "Microsoft.SemanticKernel": {
        "type": "Direct",
        "requested": "[1.74.0, )",
        "resolved": "1.74.0",
        "contentHash": "V1N0mR8VHLEY11w2w8ls3Bk60fOjp6TaHOduBXMwfaR5ZF2bho6rCQdonU+6zwAKyD1JB+yT0wJ2xt1hcm60+w==",
        "dependencies": {
          "Microsoft.SemanticKernel.Connectors.AzureOpenAI": "1.74.0",
          "Microsoft.SemanticKernel.Core": "1.74.0"
        }
      },
      "NSubstitute": {
        "type": "Direct",
        "requested": "[5.3.0, )",
        "resolved": "5.3.0",
        "contentHash": "lJ47Cps5Qzr86N99lcwd+OUvQma7+fBgr8+Mn+aOC0WrlqMNkdivaYD9IvnZ5Mqo6Ky3LS7ZI+tUq1/s9ERd0Q==",
        "dependencies": {
          "Castle.Core": "5.1.1"
        }
      },
      "Shouldly": {
        "type": "Direct",
        "requested": "[4.3.0, )",
        "resolved": "4.3.0",
        "contentHash": "sDetrWXrl6YXZ4HeLsdBoNk3uIa7K+V4uvIJ+cqdRa5DrFxeTED7VkjoxCuU1kJWpUuBDZz2QXFzSxBtVXLwRQ==",
        "dependencies": {
          "DiffEngine": "11.3.0",
          "EmptyFiles": "4.4.0"
        }
      },
      "xunit.runner.visualstudio": {
        "type": "Direct",
        "requested": "[3.1.5, )",
        "resolved": "3.1.5",
        "contentHash": "tKi7dSTwP4m5m9eXPM2Ime4Kn7xNf4x4zT9sdLO/G4hZVnQCRiMTWoSZqI/pYTVeI27oPPqHBKYI/DjJ9GsYgA=="
      },
      "xunit.v3": {
        "type": "Direct",
        "requested": "[3.2.2, )",
        "resolved": "3.2.2",
        "contentHash": "L+4/4y0Uqcg8/d6hfnxhnwh4j9FaeULvefTwrk30rr1o4n/vdPfyUQ8k0yzH8VJx7bmFEkDdcRfbtbjEHlaYcA==",
        "dependencies": {
          "xunit.v3.mtp-v1": "[3.2.2]"
        }
      },
      "Azure.AI.OpenAI": {
        "type": "Transitive",
        "resolved": "2.9.0-beta.1",
        "contentHash": "CgIYDuCSOFx+yPuCdK7iz71OW2envfVeIE/YoNYK+mhr6bxgIJV6jfBF+mV9aHDQ6KVQjeSL6OZ7x90XrvsoRg==",
        "dependencies": {
          "Azure.Core": "1.51.1",
          "OpenAI": "2.9.1"
        }
      },
      "Azure.Core": {
        "type": "Transitive",
        "resolved": "1.51.1",
        "contentHash": "JRANrRvN5O5FFRh+pMUb8qqWU7jBQ39qXEbVr7Rkb1/s7rqc6RSzVHKGBz5Ro1gDy2WSGjG5YEOJKpPIBiCMcA==",
        "dependencies": {
          "Microsoft.Bcl.AsyncInterfaces": "10.0.2",
          "System.ClientModel": "1.9.0",
          "System.Memory.Data": "10.0.1"
        }
      },
      "Castle.Core": {
        "type": "Transitive",
        "resolved": "5.1.1",
        "contentHash": "rpYtIczkzGpf+EkZgDr9CClTdemhsrwA/W5hMoPjLkRFnXzH44zDLoovXeKtmxb1ykXK9aJVODSpiJml8CTw2g==",
        "dependencies": {
          "System.Diagnostics.EventLog": "6.0.0"
        }
      },
      "DiffEngine": {
        "type": "Transitive",
        "resolved": "11.3.0",
        "contentHash": "k0ZgZqd09jLZQjR8FyQbSQE86Q7QZnjEzq1LPHtj1R2AoWO8sjV5x+jlSisL7NZAbUOI4y+7Bog8gkr9WIRBGw==",
        "dependencies": {
          "EmptyFiles": "4.4.0",
          "System.Management": "6.0.1"
        }
      },
      "EmptyFiles": {
        "type": "Transitive",
        "resolved": "4.4.0",
        "contentHash": "gwJEfIGS7FhykvtZoscwXj/XwW+mJY6UbAZk+qtLKFUGWC95kfKXnj8VkxsZQnWBxJemM/q664rGLN5nf+OHZw=="
      },
      "Microsoft.ApplicationInsights": {
        "type": "Transitive",
        "resolved": "2.23.0",
        "contentHash": "nWArUZTdU7iqZLycLKWe0TDms48KKGE6pONH2terYNa8REXiqixrMOkf1sk5DHGMaUTqONU2YkS4SAXBhLStgw=="
      },
      "Microsoft.Bcl.AsyncInterfaces": {
        "type": "Transitive",
        "resolved": "10.0.2",
        "contentHash": "qE5JhRoeJbAipLqpUCZyNfNwnpAvUttXgIQDnTiJ15d8ji+/bPgoPkB3xLzK5cQTobN2D2ditUesUlDHb7p3Pg=="
      },
      "Microsoft.Bcl.HashCode": {
        "type": "Transitive",
        "resolved": "1.1.1",
        "contentHash": "MalY0Y/uM/LjXtHfX/26l2VtN4LDNZ2OE3aumNOHDLsT4fNYy2hiHXI4CXCqKpNUNm7iJ2brrc4J89UdaL56FA=="
      },
      "Microsoft.CodeCoverage": {
        "type": "Transitive",
        "resolved": "18.4.0",
        "contentHash": "9O0BtCfzCWrkAmK187ugKdq72HHOXoOUjuWFDVc2LsZZ0pOnA9bTt+Sg9q4cF+MoAaUU+MuWtvBuFsnduviJow=="
      },
      "Microsoft.Extensions.AI.Abstractions": {
        "type": "Transitive",
        "resolved": "10.5.0",
        "contentHash": "bb2wQ1HGatf5zdBxE28zrN4jaEVmpC+IJYChcqABTfu77YtFcJe/A4ZChjVZ0V1OF+UPYSOY8mUDI/fwEljcIA=="
      },
      "Microsoft.Extensions.AI.OpenAI": {
        "type": "Transitive",
        "resolved": "10.4.0",
        "contentHash": "7R1fyxwF8KtQi8k2ih3Y6dHZiUfnnmZIgXY7hQ+dFlPkVZoefgKAzdnnrFZzYOjXPeJxh3gqAQ4psXnp59wwqw==",
        "dependencies": {
          "Microsoft.Extensions.AI.Abstractions": "10.4.0",
          "OpenAI": "2.9.1"
        }
      },
      "Microsoft.Extensions.Caching.Abstractions": {
        "type": "Transitive",
        "resolved": "10.0.6",
        "contentHash": "Ilr690V+E1H116ncF00KIlvRloKXBdCExaNqcT9BvCcS5nFGR1pcTamSA2EI8pOXbNp0DHZm8K8h6Wl1hMSbIQ==",
        "dependencies": {
          "Microsoft.Extensions.Primitives": "10.0.6"
        }
      },
      "Microsoft.Extensions.Configuration.Binder": {
        "type": "Transitive",
        "resolved": "10.0.6",
        "contentHash": "h22Fm4VxRmr4ty9rxJaW0i51xD56Bl5QhQ2hsGY2vl+6FioWmBhkpg3B78XQaK25N+hE41gZLZuYKGQS+OGbdw==",
        "dependencies": {
          "Microsoft.Extensions.Configuration": "10.0.6",
          "Microsoft.Extensions.Configuration.Abstractions": "10.0.6"
        }
      },
      "Microsoft.Extensions.DependencyInjection": {
        "type": "Transitive",
        "resolved": "10.0.2",
        "contentHash": "J/Zmp6fY93JbaiZ11ckWvcyxMPjD6XVwIHQXBjryTBgn7O6O20HYg9uVLFcZlNfgH78MnreE/7EH+hjfzn7VyA==",
        "dependencies": {
          "Microsoft.Extensions.DependencyInjection.Abstractions": "10.0.2"
        }
      },
      "Microsoft.Extensions.Diagnostics": {
        "type": "Transitive",
        "resolved": "10.0.1",
        "contentHash": "YaocqxscJLxLit0F5yq2XyB+9C7rSRfeTL7MJIl7XwaOoUO3i0EqfO2kmtjiRduYWw7yjcSINEApYZbzjau2gQ==",
        "dependencies": {
          "Microsoft.Extensions.Configuration": "10.0.1",
          "Microsoft.Extensions.Diagnostics.Abstractions": "10.0.1",
          "Microsoft.Extensions.Options.ConfigurationExtensions": "10.0.1"
        }
      },
      "Microsoft.Extensions.Diagnostics.Abstractions": {
        "type": "Transitive",
        "resolved": "10.0.6",
        "contentHash": "L98Xe5C+xyKytLNLiEyQ0rcY8GNXAeAn1xKsE0YDxPx/mXBYYtRoj8pC2cnbSFQUlOzBkyO90ivMSV22SRETFg==",
        "dependencies": {
          "Microsoft.Extensions.DependencyInjection.Abstractions": "10.0.6",
          "Microsoft.Extensions.Options": "10.0.6"
        }
      },
      "Microsoft.Extensions.Diagnostics.HealthChecks": {
        "type": "Transitive",
        "resolved": "10.0.1",
        "contentHash": "LMQ1mW8YvfupNwoWXk+IOtjYTUllUIrETrWslKOsV66RvD96WaePcCcuF7SmB6fcTOuJFsSu/zILIUJGM+fM/Q==",
        "dependencies": {
          "Microsoft.Extensions.Diagnostics.HealthChecks.Abstractions": "10.0.1",
          "Microsoft.Extensions.Hosting.Abstractions": "10.0.1",
          "Microsoft.Extensions.Logging.Abstractions": "10.0.1",
          "Microsoft.Extensions.Options": "10.0.1"
        }
      },
      "Microsoft.Extensions.Diagnostics.HealthChecks.Abstractions": {
        "type": "Transitive",
        "resolved": "10.0.1",
        "contentHash": "cebN2lQD6S7XCQ7DFKnXcBHxSfqWr38H9YliEluJIDRTJ99Q9V6gBMXBYx03kh6YJAzfN3JoEcsikpEWnC6VwA=="
      },
      "Microsoft.Extensions.FileProviders.Abstractions": {
        "type": "Transitive",
        "resolved": "10.0.6",
        "contentHash": "iU/lPyrjHVA4jJ7Bl/VpXvgsAD4qJWc4oPSVJjMBeZjmv7IIo8wBKxnOUoXdZcSCUJ6MeBMs3WpXNfncO7OzRg==",
        "dependencies": {
          "Microsoft.Extensions.Primitives": "10.0.6"
        }
      },
      "Microsoft.Extensions.Http": {
        "type": "Transitive",
        "resolved": "10.0.1",
        "contentHash": "ZXJup9ReE1Ot3M8jqcw1b/lnc8USxyYS3cyLsssU39u04TES9JNGviWUGIvP3K7mMU3TF7kQl2aS0SmVwegflw==",
        "dependencies": {
          "Microsoft.Extensions.Configuration.Abstractions": "10.0.1",
          "Microsoft.Extensions.DependencyInjection.Abstractions": "10.0.1",
          "Microsoft.Extensions.Diagnostics": "10.0.1",
          "Microsoft.Extensions.Logging": "10.0.1",
          "Microsoft.Extensions.Logging.Abstractions": "10.0.1",
          "Microsoft.Extensions.Options": "10.0.1"
        }
      },
      "Microsoft.Extensions.Logging": {
        "type": "Transitive",
        "resolved": "10.0.1",
        "contentHash": "9ItMpMLFZFJFqCuHLLbR3LiA4ahA8dMtYuXpXl2YamSDWZhYS9BruPprkftY0tYi2bQ0slNrixdFm+4kpz1g5w==",
        "dependencies": {
          "Microsoft.Extensions.DependencyInjection": "10.0.1",
          "Microsoft.Extensions.Logging.Abstractions": "10.0.1",
          "Microsoft.Extensions.Options": "10.0.1"
        }
      },
      "Microsoft.Extensions.Logging.Abstractions": {
        "type": "Transitive",
        "resolved": "10.0.6",
        "contentHash": "1YgBO3wAy0dlpQyVTKWBSPND/t0yZHsvd3shGpbeEwH8JSb2hnFI2pNFrOOUi/stsp+T/dqwqmRIGh47ibo9bw==",
        "dependencies": {
          "Microsoft.Extensions.DependencyInjection.Abstractions": "10.0.6"
        }
      },
      "Microsoft.Extensions.Logging.Configuration": {
        "type": "Transitive",
        "resolved": "9.0.0",
        "contentHash": "H05HiqaNmg6GjH34ocYE9Wm1twm3Oz2aXZko8GTwGBzM7op2brpAA8pJ5yyD1OpS1mXUtModBYOlcZ/wXeWsSg==",
        "dependencies": {
          "Microsoft.Extensions.Configuration": "9.0.0",
          "Microsoft.Extensions.Configuration.Abstractions": "9.0.0",
          "Microsoft.Extensions.Configuration.Binder": "9.0.0",
          "Microsoft.Extensions.DependencyInjection.Abstractions": "9.0.0",
          "Microsoft.Extensions.Logging": "9.0.0",
          "Microsoft.Extensions.Logging.Abstractions": "9.0.0",
          "Microsoft.Extensions.Options": "9.0.0",
          "Microsoft.Extensions.Options.ConfigurationExtensions": "9.0.0"
        }
      },
      "Microsoft.Extensions.Options": {
        "type": "Transitive",
        "resolved": "10.0.6",
        "contentHash": "v5RTWm+3Gdub21ADJeRG5bunOOxutFNBZk6qGH6Az4L5nyRZoLe3Kse7jfAyUcdEoiKp72XpNw/wGR+9wP+MtQ==",
        "dependencies": {
          "Microsoft.Extensions.DependencyInjection.Abstractions": "10.0.6",
          "Microsoft.Extensions.Primitives": "10.0.6"
        }
      },
      "Microsoft.Extensions.Primitives": {
        "type": "Transitive",
        "resolved": "10.0.6",
        "contentHash": "L8P21mqaG+CXvPheLndean/cHCOcItJqH8nx+0YQnK7wAiOR0G1IOC418ZSzTMD2D6Gmo0f2M5WR70XtpX2B8g=="
      },
      "Microsoft.Extensions.VectorData.Abstractions": {
        "type": "Transitive",
        "resolved": "10.1.0",
        "contentHash": "I2XfmqEOWOq0Esbo0eWQ6WE5MAJkGyIs057F8ncmPCLJFw9b1IB7Jj5WiFlH6C5YXCAG9Z91QMBD/SkcMLhE7w==",
        "dependencies": {
          "Microsoft.Extensions.AI.Abstractions": "10.4.0"
        }
      },
      "Microsoft.Net.Compilers.Toolset": {
        "type": "Transitive",
        "resolved": "4.14.0",
        "contentHash": "/F7wcMX7Al+nXbNII/6F4b33F3WCPL1I5VbY0+9QPiKdzlYPM0+R+nyYPBsxVZ4cwGXeU0yxrL0ITJWejsvN/Q=="
      },
      "Microsoft.SemanticKernel.Abstractions": {
        "type": "Transitive",
        "resolved": "1.74.0",
        "contentHash": "e9sPaCiyvi3FzQWbBTjyvLpq4LDaqekz4/xt+Zi30C9cOZRMw6srULEy/jOo9nDXJQ2bsai6JT5TLxuxGwuFWg==",
        "dependencies": {
          "Microsoft.Bcl.HashCode": "1.1.1",
          "Microsoft.Extensions.AI": "10.4.0",
          "Microsoft.Extensions.VectorData.Abstractions": "10.1.0"
        }
      },
      "Microsoft.SemanticKernel.Connectors.AzureOpenAI": {
        "type": "Transitive",
        "resolved": "1.74.0",
        "contentHash": "RZm+Bu4Y42ozRcAEJO9ruaBkyTPnLY/3v9hSWBhma6lj6O5Rva8EOLLZkaZM+Dn7d0dgBXOF4U+tedWtFXrjPg==",
        "dependencies": {
          "Azure.AI.OpenAI": "2.9.0-beta.1",
          "Microsoft.SemanticKernel.Connectors.OpenAI": "1.74.0",
          "Microsoft.SemanticKernel.Core": "1.74.0"
        }
      },
      "Microsoft.SemanticKernel.Connectors.OpenAI": {
        "type": "Transitive",
        "resolved": "1.74.0",
        "contentHash": "xojSsxe0MoJNIQLNGsYiH4jSMDeLnD/yniMEumSz1lt3ybnPHu3Xw1M/C+jfFcqdEXJe64j06b6DRwUs4IjqdQ==",
        "dependencies": {
          "Microsoft.Extensions.AI.OpenAI": "10.4.0",
          "Microsoft.SemanticKernel.Core": "1.74.0",
          "OpenAI": "2.9.1"
        }
      },
      "Microsoft.SemanticKernel.Core": {
        "type": "Transitive",
        "resolved": "1.74.0",
        "contentHash": "SfV2U3jvIy06BCrOkx3Am6c2lurJued7YEGX36wvk8WeSzgwwnkycqSOQTkbV0GLAzYeBKTA7+5mpPypjc7cPw==",
        "dependencies": {
          "Microsoft.Extensions.DependencyInjection": "10.0.2",
          "Microsoft.SemanticKernel.Abstractions": "1.74.0",
          "System.Numerics.Tensors": "10.0.4"
        }
      },
      "Microsoft.Testing.Extensions.Telemetry": {
        "type": "Transitive",
        "resolved": "1.9.1",
        "contentHash": "No5AudZMmSb+uNXjlgL2y3/stHD2IT4uxqc5yHwkE+/nNux9jbKcaJMvcp9SwgP4DVD8L9/P3OUz8mmmcvEIdQ==",
        "dependencies": {
          "Microsoft.ApplicationInsights": "2.23.0",
          "Microsoft.Testing.Platform": "1.9.1"
        }
      },
      "Microsoft.Testing.Extensions.TrxReport.Abstractions": {
        "type": "Transitive",
        "resolved": "1.9.1",
        "contentHash": "AL46Xe1WBi85Ntd4mNPvat5ZSsZ2uejiVqoKCypr8J3wK0elA5xJ3AN4G/Q4GIwzUFnggZoH/DBjnr9J18IO/g==",
        "dependencies": {
          "Microsoft.Testing.Platform": "1.9.1"
        }
      },
      "Microsoft.Testing.Platform": {
        "type": "Transitive",
        "resolved": "1.9.1",
        "contentHash": "QafNtNSmEI0zazdebnsIkDKmFtTSpmx/5PLOjURWwozcPb3tvRxzosQSL8xwYNM1iPhhKiBksXZyRSE2COisrA=="
      },
      "Microsoft.Testing.Platform.MSBuild": {
        "type": "Transitive",
        "resolved": "1.9.1",
        "contentHash": "oTUtyR4X/s9ytuiNA29FGsNCCH0rNmY5Wdm14NCKLjTM1cT9edVSlA+rGS/mVmusPqcP0l/x9qOnMXg16v87RQ==",
        "dependencies": {
          "Microsoft.Testing.Platform": "1.9.1"
        }
      },
      "Microsoft.TestPlatform.ObjectModel": {
        "type": "Transitive",
        "resolved": "18.4.0",
        "contentHash": "4L6m2kS2pY5uJ9cpeRxzW22opr6ttScIRqsOpMDQpgENp/ZwxkkQCcmc6LRSURo2dFaaSW5KVflQZvroiJ7Wzg=="
      },
      "Microsoft.TestPlatform.TestHost": {
        "type": "Transitive",
        "resolved": "18.4.0",
        "contentHash": "gZsCHI+zOmZCcKZieIL4Jg14qKD2OGZOmX5DehuIk1EA9BN6Crm0+taXQNEuajOH1G9CCyBxw8VWR4t5tumcng==",
        "dependencies": {
          "Microsoft.TestPlatform.ObjectModel": "18.4.0",
          "Newtonsoft.Json": "13.0.3"
        }
      },
      "Microsoft.Win32.Registry": {
        "type": "Transitive",
        "resolved": "5.0.0",
        "contentHash": "dDoKi0PnDz31yAyETfRntsLArTlVAVzUzCIvvEDsDsucrl33Dl8pIJG06ePTJTI3tGpeyHS9Cq7Foc/s4EeKcg=="
      },
      "Newtonsoft.Json": {
        "type": "Transitive",
        "resolved": "13.0.3",
        "contentHash": "HrC5BXdl00IP9zeV+0Z848QWPAoCr9P3bDEZguI+gkLcBKAOxix/tLEAAHC+UvDNPv4a2d18lOReHMOagPa+zQ=="
      },
      "OllamaSharp": {
        "type": "Transitive",
        "resolved": "5.4.12",
        "contentHash": "uUKOgoTV9Fxo9J5syrY4OMZ/2/xlPO83tGG+FjGmY8HqJVJ1iUT5f8EsC9yNEqBBIoth9D8zzN4I5p1oQEMBhQ==",
        "dependencies": {
          "Microsoft.Extensions.AI.Abstractions": "10.0.0"
        }
      },
      "OpenAI": {
        "type": "Transitive",
        "resolved": "2.9.1",
        "contentHash": "KPTFYEt1EhrPeIZXGBE+DlutFEpMo/RspqSdUJ3p6pMqsw3NeGJcIja/K0He1j9KyRq8ASfzBgp2biWbNUGnFA==",
        "dependencies": {
          "System.ClientModel": "1.9.0"
        }
      },
      "OpenTelemetry": {
        "type": "Transitive",
        "resolved": "1.12.0",
        "contentHash": "aIEu2O3xFOdwIVH0AJsIHPIMH1YuX18nzu7BHyaDNQ6NWSk4Zyrs9Pp6y8SATuSbvdtmvue4mj/QZ3838srbwA==",
        "dependencies": {
          "Microsoft.Extensions.Diagnostics.Abstractions": "9.0.0",
          "Microsoft.Extensions.Logging.Configuration": "9.0.0",
          "OpenTelemetry.Api.ProviderBuilderExtensions": "1.12.0"
        }
      },
      "OpenTelemetry.Api": {
        "type": "Transitive",
        "resolved": "1.12.0",
        "contentHash": "Xt0qldi+iE2szGrM3jAqzEMEJd48YBtqI6mge0+ArXTZg3aTpRmyhL6CKKl3bLioaFSSVbBpEbPin8u6Z46Yrw=="
      },
      "OpenTelemetry.Api.ProviderBuilderExtensions": {
        "type": "Transitive",
        "resolved": "1.12.0",
        "contentHash": "t6Vk1143BfiisCWYbRcyzkAuN6Aq5RkYtfOSMoqCIRMvtN9p1e1xzc0nWQ+fccNGOVgHn3aMK5xFn2+iWMcr8A==",
        "dependencies": {
          "Microsoft.Extensions.DependencyInjection.Abstractions": "9.0.0",
          "OpenTelemetry.Api": "1.12.0"
        }
      },
      "System.ClientModel": {
        "type": "Transitive",
        "resolved": "1.9.0",
        "contentHash": "1wdwKtMMMEFEYsxJmtrOd3G+7zVOVO3MlVZAsbKv9H0PnIx6J27fYAarMn0eQS0vKJPQL018DOb7YRK1O97p0A==",
        "dependencies": {
          "Microsoft.Extensions.Configuration.Abstractions": "10.0.2",
          "Microsoft.Extensions.Hosting.Abstractions": "10.0.2",
          "Microsoft.Extensions.Logging.Abstractions": "10.0.2",
          "System.Memory.Data": "10.0.1"
        }
      },
      "System.CodeDom": {
        "type": "Transitive",
        "resolved": "6.0.0",
        "contentHash": "CPc6tWO1LAer3IzfZufDBRL+UZQcj5uS207NHALQzP84Vp/z6wF0Aa0YZImOQY8iStY0A2zI/e3ihKNPfUm8XA=="
      },
      "System.Diagnostics.EventLog": {
        "type": "Transitive",
        "resolved": "6.0.0",
        "contentHash": "lcyUiXTsETK2ALsZrX+nWuHSIQeazhqPphLfaRxzdGaG93+0kELqpgEHtwWOlQe7+jSFnKwaCAgL4kjeZCQJnw=="
      },
      "System.Management": {
        "type": "Transitive",
        "resolved": "6.0.1",
        "contentHash": "10J1D0h/lioojphfJ4Fuh5ZUThT/xOVHdV9roGBittKKNP2PMjrvibEdbVTGZcPra1399Ja3tqIJLyQrc5Wmhg==",
        "dependencies": {
          "System.CodeDom": "6.0.0"
        }
      },
      "System.Memory.Data": {
        "type": "Transitive",
        "resolved": "10.0.1",
        "contentHash": "BZC4mhdL569AXV56ep9YO6ShjhxFXGP7SwVX0Bc/e0dJPWnS6aBEXZJXqh64RVx8HquqWHkJUINBydLRQ1yq0g=="
      },
      "System.Numerics.Tensors": {
        "type": "Transitive",
        "resolved": "10.0.6",
        "contentHash": "DOZ8Z8CxHVWU8gSo4ZQ8sCAPIQb+agp56ISuMiu39WWZiV+reZwn9NM1tj4lRDfqLaOAinF6zTi0csmFBQes9Q=="
      },
      "xunit.analyzers": {
        "type": "Transitive",
        "resolved": "1.27.0",
        "contentHash": "y/pxIQaLvk/kxAoDkZW9GnHLCEqzwl5TW0vtX3pweyQpjizB9y3DXhb9pkw2dGeUqhLjsxvvJM1k89JowU6z3g=="
      },
      "xunit.v3.assert": {
        "type": "Transitive",
        "resolved": "3.2.2",
        "contentHash": "BPciBghgEEaJN/JG00QfCYDfEfnLgQhfnYEy+j1izoeHVNYd5+3Wm8GJ6JgYysOhpBPYGE+sbf75JtrRc7jrdA=="
      },
      "xunit.v3.common": {
        "type": "Transitive",
        "resolved": "3.2.2",
        "contentHash": "Hj775PEH6GTbbg0wfKRvG2hNspDCvTH9irXhH4qIWgdrOSV1sQlqPie+DOvFeigsFg2fxSM3ZAaaCDQs+KreFA==",
        "dependencies": {
          "Microsoft.Bcl.AsyncInterfaces": "6.0.0"
        }
      },
      "xunit.v3.core.mtp-v1": {
        "type": "Transitive",
        "resolved": "3.2.2",
        "contentHash": "Ga5aA2Ca9ktz+5k3g5ukzwfexwoqwDUpV6z7atSEUvqtd6JuybU1XopHqg1oFd78QdTfZgZE9h5sHpO4qYIi5w==",
        "dependencies": {
          "Microsoft.Testing.Extensions.Telemetry": "1.9.1",
          "Microsoft.Testing.Extensions.TrxReport.Abstractions": "1.9.1",
          "Microsoft.Testing.Platform": "1.9.1",
          "Microsoft.Testing.Platform.MSBuild": "1.9.1",
          "xunit.v3.extensibility.core": "[3.2.2]",
          "xunit.v3.runner.inproc.console": "[3.2.2]"
        }
      },
      "xunit.v3.extensibility.core": {
        "type": "Transitive",
        "resolved": "3.2.2",
        "contentHash": "srY8z/oMPvh/t8axtO2DwrHajhFMH7tnqKildvYrVQIfICi8fOn3yIBWkVPAcrKmHMwvXRJ/XsQM3VMR6DOYfQ==",
        "dependencies": {
          "xunit.v3.common": "[3.2.2]"
        }
      },
      "xunit.v3.mtp-v1": {
        "type": "Transitive",
        "resolved": "3.2.2",
        "contentHash": "O41aAzYKBT5PWqATa1oEWVNCyEUypFQ4va6K0kz37dduV3EKzXNMaV2UnEhufzU4Cce1I33gg0oldS8tGL5I0A==",
        "dependencies": {
          "xunit.analyzers": "1.27.0",
          "xunit.v3.assert": "[3.2.2]",
          "xunit.v3.core.mtp-v1": "[3.2.2]"
        }
      },
      "xunit.v3.runner.common": {
        "type": "Transitive",
        "resolved": "3.2.2",
        "contentHash": "/hkHkQCzGrugelOAehprm7RIWdsUFVmIVaD6jDH/8DNGCymTlKKPTbGokD5czbAfqfex47mBP0sb0zbHYwrO/g==",
        "dependencies": {
          "Microsoft.Win32.Registry": "[5.0.0]",
          "xunit.v3.common": "[3.2.2]"
        }
      },
      "xunit.v3.runner.inproc.console": {
        "type": "Transitive",
        "resolved": "3.2.2",
        "contentHash": "ulWOdSvCk+bPXijJZ73bth9NyoOHsAs1ZOvamYbCkD4DNLX/Bd29Ve2ZNUwBbK0MqfIYWXHZViy/HKrdEC/izw==",
        "dependencies": {
          "xunit.v3.extensibility.core": "[3.2.2]",
          "xunit.v3.runner.common": "[3.2.2]"
        }
      },
      "menlo.ai": {
        "type": "Project",
        "dependencies": {
          "CommunityToolkit.Aspire.OllamaSharp": "[13.1.1, )",
          "Menlo.Lib": "[1.0.0, )",
          "Microsoft.Extensions.AI": "[10.5.0, )",
          "Microsoft.Extensions.Configuration.Abstractions": "[10.0.6, )",
          "Microsoft.Extensions.DependencyInjection.Abstractions": "[10.0.6, )",
          "Microsoft.Extensions.Hosting.Abstractions": "[10.0.6, )",
          "Microsoft.Extensions.Options.ConfigurationExtensions": "[10.0.6, )",
          "Microsoft.SemanticKernel": "[1.74.0, )",
          "Microsoft.SemanticKernel.Connectors.Ollama": "[1.74.0-alpha, )"
        }
      },
      "menlo.lib": {
        "type": "Project",
        "dependencies": {
          "CSharpFunctionalExtensions": "[3.7.0, )"
        }
      },
      "CommunityToolkit.Aspire.OllamaSharp": {
        "type": "CentralTransitive",
        "requested": "[13.1.1, )",
        "resolved": "13.1.1",
        "contentHash": "SZGmv7mBsuEdbjYBfoACE+6m5WOSYkBI0c8mg8m8dDzzooK2OjqeNULaw9ZbpjYC1ObpmU/AX5psYSAMfBhooQ==",
        "dependencies": {
          "Microsoft.Extensions.AI": "10.0.0",
          "Microsoft.Extensions.Configuration.Binder": "10.0.1",
          "Microsoft.Extensions.Diagnostics.HealthChecks": "10.0.1",
          "Microsoft.Extensions.Hosting.Abstractions": "10.0.1",
          "Microsoft.Extensions.Http": "10.0.1",
          "OllamaSharp": "5.4.12",
          "OpenTelemetry.Extensions.Hosting": "1.12.0"
        }
      },
      "CSharpFunctionalExtensions": {
        "type": "CentralTransitive",
        "requested": "[3.7.0, )",
        "resolved": "3.7.0",
        "contentHash": "eMZp8tc88O96eEFutiIskF3LE8lFY3fjbNRGfNa1ca0CD9sB8A00r5ltyYDih/7UFdJdVbhVq7tGeHI8xj6DlQ=="
      },
      "Microsoft.Extensions.Configuration": {
        "type": "CentralTransitive",
        "requested": "[10.0.6, )",
        "resolved": "10.0.6",
        "contentHash": "lYQ9S1FGXIWIU7243RimdAXQYsFDeLhSSZvbSDwbeI/kCzZ4MIYXpp3kMQ+bDJXwl9pzMRIYkd4f9zGqcYxfAQ==",
        "dependencies": {
          "Microsoft.Extensions.Configuration.Abstractions": "10.0.6",
          "Microsoft.Extensions.Primitives": "10.0.6"
        }
      },
      "Microsoft.Extensions.Configuration.Abstractions": {
        "type": "CentralTransitive",
        "requested": "[10.0.6, )",
        "resolved": "10.0.6",
        "contentHash": "a7bA7IT3ngIgcOMb/2MVH5CcfSxUCeQ6QXWS1Vt6oFpzLTH3U1+J2Xtc64Uw3whX9akYG8eR/UQeEzxo64zZLg==",
        "dependencies": {
          "Microsoft.Extensions.Primitives": "10.0.6"
        }
      },
      "Microsoft.Extensions.DependencyInjection.Abstractions": {
        "type": "CentralTransitive",
        "requested": "[10.0.6, )",
        "resolved": "10.0.6",
        "contentHash": "w+dX4SIr1X9yegX2yX2dU1XtP4JAUVNdvOG/Evn+H+ndn96YzfIPX52FALXChrRNWFR9l77FQyg1mB7WQo6iOA=="
      },
      "Microsoft.Extensions.Hosting.Abstractions": {
        "type": "CentralTransitive",
        "requested": "[10.0.6, )",
        "resolved": "10.0.6",
        "contentHash": "x3C8tgsX+xWvV5u76LFm24/U7sSnCRjuudBkbFsMV/DIqCA85te7YGg6dpa7lBToDhi4Lry9E7Arpy0laUw5AQ==",
        "dependencies": {
          "Microsoft.Extensions.Configuration.Abstractions": "10.0.6",
          "Microsoft.Extensions.DependencyInjection.Abstractions": "10.0.6",
          "Microsoft.Extensions.Diagnostics.Abstractions": "10.0.6",
          "Microsoft.Extensions.FileProviders.Abstractions": "10.0.6",
          "Microsoft.Extensions.Logging.Abstractions": "10.0.6"
        }
      },
      "Microsoft.Extensions.Options.ConfigurationExtensions": {
        "type": "CentralTransitive",
        "requested": "[10.0.6, )",
        "resolved": "10.0.6",
        "contentHash": "O7xt1vYMxku2+/WpFkh6X8RzUtYbKR+XCt0KOO0W9TbRbFeQdfb9Nry/CdVq57kOyOKS3Z4qD1xqV/8LpJQ0Xw==",
        "dependencies": {
          "Microsoft.Extensions.Configuration.Abstractions": "10.0.6",
          "Microsoft.Extensions.Configuration.Binder": "10.0.6",
          "Microsoft.Extensions.DependencyInjection.Abstractions": "10.0.6",
          "Microsoft.Extensions.Options": "10.0.6",
          "Microsoft.Extensions.Primitives": "10.0.6"
        }
      },
      "Microsoft.SemanticKernel.Connectors.Ollama": {
        "type": "CentralTransitive",
        "requested": "[1.74.0-alpha, )",
        "resolved": "1.74.0-alpha",
        "contentHash": "vFuGSEJNY3TUOxPFmMe4tY8oIsc0qtj+UI1XaaQ6I6ioRIUolBja/VsjRG0s9eTqSUUfFslM9Fh7uA4FsabEyg==",
        "dependencies": {
          "Microsoft.Net.Compilers.Toolset": "4.14.0",
          "Microsoft.SemanticKernel.Abstractions": "1.74.0",
          "Microsoft.SemanticKernel.Core": "1.74.0",
          "OllamaSharp": "5.4.12"
        }
      },
      "OpenTelemetry.Extensions.Hosting": {
        "type": "CentralTransitive",
        "requested": "[1.15.2, )",
        "resolved": "1.12.0",
        "contentHash": "6/8O6rsJRwslg5/Fm3bscBelw4Yh9T9CN24p7cAsuEFkrmmeSO9gkYUCK02Qi+CmPM2KHYTLjKi0lJaCsDMWQA==",
        "dependencies": {
          "Microsoft.Extensions.Hosting.Abstractions": "9.0.0",
          "OpenTelemetry": "1.12.0"
        }
      }
    }
  }
}