lockfileVersion: '9.0'

settings:
  autoInstallPeers: true
  excludeLinksFromLockfile: false

importers:

  .:
    dependencies:
      corepack:
        specifier: ^0.34.0
        version: 0.34.0

packages:

  corepack@0.34.0:
    resolution: {integrity: sha512-8D9N/k9hDjoISCDGUzH2wBF0fJD49p3G7ifoEZcc0vhB7Py6r+Mc1SpJ8dvnWY/HMP95K60WkQbN7vgbUgXgpA==}
    engines: {node: ^20.10.0 || ^22.11.0 || >=24.0.0}
    hasBin: true

snapshots:

  corepack@0.34.0: {}
